
Microsoft Visual Studio Solution File, Format Version 12.00
# Visual Studio Version 17
VisualStudioVersion = 17.3.32929.385
MinimumVisualStudioVersion = 10.0.40219.1
Project("{FAE04EC0-301F-11D3-BF4B-00C04F79EFBC}") = "WvsBeta.Center", "WvsBeta.Center\WvsBeta.Center.csproj", "{138D433A-5947-4A3D-BCA4-C3A3B02C6B09}"
	ProjectSection(ProjectDependencies) = postProject
		{84164D2F-36B3-4D56-AF4A-BD12C37F71F5} = {84164D2F-36B3-4D56-AF4A-BD12C37F71F5}
		{5BC0C38A-D121-42C1-B2EF-888477C6D8FA} = {5BC0C38A-D121-42C1-B2EF-888477C6D8FA}
		{22964CB0-8A39-41EA-807D-B5216D27DF70} = {22964CB0-8A39-41EA-807D-B5216D27DF70}
		{2D3192B2-DD59-4B95-9F7C-932D743BC617} = {2D3192B2-DD59-4B95-9F7C-932D743BC617}
	EndProjectSection
EndProject
Project("{FAE04EC0-301F-11D3-BF4B-00C04F79EFBC}") = "WvsBeta.MasterThread", "WvsBeta.MasterThread\WvsBeta.MasterThread.csproj", "{84164D2F-36B3-4D56-AF4A-BD12C37F71F5}"
EndProject
Project("{FAE04EC0-301F-11D3-BF4B-00C04F79EFBC}") = "WvsBeta.Database", "WvsBeta.Database\WvsBeta.Database.csproj", "{7E353D6F-0493-4FB9-982C-358ACC42B418}"
	ProjectSection(ProjectDependencies) = postProject
		{22964CB0-8A39-41EA-807D-B5216D27DF70} = {22964CB0-8A39-41EA-807D-B5216D27DF70}
	EndProjectSection
EndProject
Project("{FAE04EC0-301F-11D3-BF4B-00C04F79EFBC}") = "WvsBeta.Common", "WvsBeta.Common\WvsBeta.Common.csproj", "{2D3192B2-DD59-4B95-9F7C-932D743BC617}"
	ProjectSection(ProjectDependencies) = postProject
		{22964CB0-8A39-41EA-807D-B5216D27DF70} = {22964CB0-8A39-41EA-807D-B5216D27DF70}
	EndProjectSection
EndProject
Project("{FAE04EC0-301F-11D3-BF4B-00C04F79EFBC}") = "WvsBeta.Login", "WvsBeta.Login\WvsBeta.Login.csproj", "{362AA7B0-1CD1-4629-BB1D-834DE2F06AD3}"
	ProjectSection(ProjectDependencies) = postProject
		{0F5C5F44-238A-45F2-95AF-A1936949AEF2} = {0F5C5F44-238A-45F2-95AF-A1936949AEF2}
		{5BC0C38A-D121-42C1-B2EF-888477C6D8FA} = {5BC0C38A-D121-42C1-B2EF-888477C6D8FA}
		{22964CB0-8A39-41EA-807D-B5216D27DF70} = {22964CB0-8A39-41EA-807D-B5216D27DF70}
	EndProjectSection
EndProject
Project("{FAE04EC0-301F-11D3-BF4B-00C04F79EFBC}") = "WvsBeta.Game", "WvsBeta.Game\WvsBeta.Game.csproj", "{9AAD2566-35DD-481E-B87C-A8CD7D80BE9E}"
	ProjectSection(ProjectDependencies) = postProject
		{0F5C5F44-238A-45F2-95AF-A1936949AEF2} = {0F5C5F44-238A-45F2-95AF-A1936949AEF2}
		{5BC0C38A-D121-42C1-B2EF-888477C6D8FA} = {5BC0C38A-D121-42C1-B2EF-888477C6D8FA}
		{22964CB0-8A39-41EA-807D-B5216D27DF70} = {22964CB0-8A39-41EA-807D-B5216D27DF70}
	EndProjectSection
EndProject
Project("{FAE04EC0-301F-11D3-BF4B-00C04F79EFBC}") = "WvsBeta.Shop", "WvsBeta.Shop\WvsBeta.Shop.csproj", "{FBB3B582-4819-44E1-A3B9-B66006AE25CA}"
	ProjectSection(ProjectDependencies) = postProject
		{22964CB0-8A39-41EA-807D-B5216D27DF70} = {22964CB0-8A39-41EA-807D-B5216D27DF70}
	EndProjectSection
EndProject
Project("{FAE04EC0-301F-11D3-BF4B-00C04F79EFBC}") = "WvsBeta.Logger", "WvsBeta.Logger\WvsBeta.Logger.csproj", "{5BC0C38A-D121-42C1-B2EF-888477C6D8FA}"
	ProjectSection(ProjectDependencies) = postProject
		{22964CB0-8A39-41EA-807D-B5216D27DF70} = {22964CB0-8A39-41EA-807D-B5216D27DF70}
	EndProjectSection
EndProject
Project("{FAE04EC0-301F-11D3-BF4B-00C04F79EFBC}") = "reNX", "reNX\reNX.csproj", "{0F5C5F44-238A-45F2-95AF-A1936949AEF2}"
EndProject
Project("{FAE04EC0-301F-11D3-BF4B-00C04F79EFBC}") = "log4net.ElasticSearch", "log4net.ElasticSearch\src\log4net.ElasticSearch\log4net.ElasticSearch.csproj", "{22964CB0-8A39-41EA-807D-B5216D27DF70}"
EndProject
Project("{FAE04EC0-301F-11D3-BF4B-00C04F79EFBC}") = "WvsBeta.PatchCreator", "WvsBeta.PatchCreator\WvsBeta.PatchCreator.csproj", "{38618EC4-7F80-484F-AFD3-68942AB1779C}"
EndProject
Project("{FAE04EC0-301F-11D3-BF4B-00C04F79EFBC}") = "WvsBeta.DataExporter", "WvsBeta.DataExporter\WvsBeta.DataExporter.csproj", "{7EFB302F-ED9B-4A35-A733-0392212BCE56}"
EndProject
Project("{FAE04EC0-301F-11D3-BF4B-00C04F79EFBC}") = "WvsBeta.Scripts", "WvsBeta.Scripts\WvsBeta.Scripts.csproj", "{EECBD398-F79D-491E-A5ED-635CC08BFC52}"
EndProject
Project("{FAE04EC0-301F-11D3-BF4B-00C04F79EFBC}") = "WvsBeta.NXWriter", "WvsBeta.NXWriter\WvsBeta.NXWriter.csproj", "{391E1B5C-4F23-449F-A690-143B5F5415D2}"
EndProject
Project("{FAE04EC0-301F-11D3-BF4B-00C04F79EFBC}") = "reWZ", "reWZ\reWZ.csproj", "{85F7FE6D-63AC-44A1-83D2-CE5204E7535E}"
EndProject
Project("{FAE04EC0-301F-11D3-BF4B-00C04F79EFBC}") = "WZ2NX", "wz2nx\WZ2NX.csproj", "{33BF1B82-6AC2-4330-BE73-52F61A840E4B}"
EndProject
Global
	GlobalSection(SolutionConfigurationPlatforms) = preSolution
		Debug|x86 = Debug|x86
		Release|x86 = Release|x86
	EndGlobalSection
	GlobalSection(ProjectConfigurationPlatforms) = postSolution
		{138D433A-5947-4A3D-BCA4-C3A3B02C6B09}.Debug|x86.ActiveCfg = Debug|Any CPU
		{138D433A-5947-4A3D-BCA4-C3A3B02C6B09}.Debug|x86.Build.0 = Debug|Any CPU
		{138D433A-5947-4A3D-BCA4-C3A3B02C6B09}.Release|x86.ActiveCfg = Release|Any CPU
		{138D433A-5947-4A3D-BCA4-C3A3B02C6B09}.Release|x86.Build.0 = Release|Any CPU
		{84164D2F-36B3-4D56-AF4A-BD12C37F71F5}.Debug|x86.ActiveCfg = Debug|Any CPU
		{84164D2F-36B3-4D56-AF4A-BD12C37F71F5}.Debug|x86.Build.0 = Debug|Any CPU
		{84164D2F-36B3-4D56-AF4A-BD12C37F71F5}.Release|x86.ActiveCfg = Release|Any CPU
		{84164D2F-36B3-4D56-AF4A-BD12C37F71F5}.Release|x86.Build.0 = Release|Any CPU
		{7E353D6F-0493-4FB9-982C-358ACC42B418}.Debug|x86.ActiveCfg = Debug|Any CPU
		{7E353D6F-0493-4FB9-982C-358ACC42B418}.Debug|x86.Build.0 = Debug|Any CPU
		{7E353D6F-0493-4FB9-982C-358ACC42B418}.Release|x86.ActiveCfg = Release|Any CPU
		{7E353D6F-0493-4FB9-982C-358ACC42B418}.Release|x86.Build.0 = Release|Any CPU
		{2D3192B2-DD59-4B95-9F7C-932D743BC617}.Debug|x86.ActiveCfg = Debug|Any CPU
		{2D3192B2-DD59-4B95-9F7C-932D743BC617}.Debug|x86.Build.0 = Debug|Any CPU
		{2D3192B2-DD59-4B95-9F7C-932D743BC617}.Release|x86.ActiveCfg = Release|Any CPU
		{2D3192B2-DD59-4B95-9F7C-932D743BC617}.Release|x86.Build.0 = Release|Any CPU
		{362AA7B0-1CD1-4629-BB1D-834DE2F06AD3}.Debug|x86.ActiveCfg = Debug|Any CPU
		{362AA7B0-1CD1-4629-BB1D-834DE2F06AD3}.Debug|x86.Build.0 = Debug|Any CPU
		{362AA7B0-1CD1-4629-BB1D-834DE2F06AD3}.Release|x86.ActiveCfg = Release|Any CPU
		{362AA7B0-1CD1-4629-BB1D-834DE2F06AD3}.Release|x86.Build.0 = Release|Any CPU
		{9AAD2566-35DD-481E-B87C-A8CD7D80BE9E}.Debug|x86.ActiveCfg = Debug|Any CPU
		{9AAD2566-35DD-481E-B87C-A8CD7D80BE9E}.Debug|x86.Build.0 = Debug|Any CPU
		{9AAD2566-35DD-481E-B87C-A8CD7D80BE9E}.Release|x86.ActiveCfg = Release|Any CPU
		{9AAD2566-35DD-481E-B87C-A8CD7D80BE9E}.Release|x86.Build.0 = Release|Any CPU
		{FBB3B582-4819-44E1-A3B9-B66006AE25CA}.Debug|x86.ActiveCfg = Debug|Any CPU
		{FBB3B582-4819-44E1-A3B9-B66006AE25CA}.Debug|x86.Build.0 = Debug|Any CPU
		{FBB3B582-4819-44E1-A3B9-B66006AE25CA}.Release|x86.ActiveCfg = Release|Any CPU
		{FBB3B582-4819-44E1-A3B9-B66006AE25CA}.Release|x86.Build.0 = Release|Any CPU
		{5BC0C38A-D121-42C1-B2EF-888477C6D8FA}.Debug|x86.ActiveCfg = Debug|Any CPU
		{5BC0C38A-D121-42C1-B2EF-888477C6D8FA}.Debug|x86.Build.0 = Debug|Any CPU
		{5BC0C38A-D121-42C1-B2EF-888477C6D8FA}.Release|x86.ActiveCfg = Release|Any CPU
		{5BC0C38A-D121-42C1-B2EF-888477C6D8FA}.Release|x86.Build.0 = Release|Any CPU
		{0F5C5F44-238A-45F2-95AF-A1936949AEF2}.Debug|x86.ActiveCfg = Debug|Any CPU
		{0F5C5F44-238A-45F2-95AF-A1936949AEF2}.Debug|x86.Build.0 = Debug|Any CPU
		{0F5C5F44-238A-45F2-95AF-A1936949AEF2}.Release|x86.ActiveCfg = Release|Any CPU
		{0F5C5F44-238A-45F2-95AF-A1936949AEF2}.Release|x86.Build.0 = Release|Any CPU
		{22964CB0-8A39-41EA-807D-B5216D27DF70}.Debug|x86.ActiveCfg = Debug|Any CPU
		{22964CB0-8A39-41EA-807D-B5216D27DF70}.Debug|x86.Build.0 = Debug|Any CPU
		{22964CB0-8A39-41EA-807D-B5216D27DF70}.Release|x86.ActiveCfg = Release|Any CPU
		{22964CB0-8A39-41EA-807D-B5216D27DF70}.Release|x86.Build.0 = Release|Any CPU
		{38618EC4-7F80-484F-AFD3-68942AB1779C}.Debug|x86.ActiveCfg = Debug|Any CPU
		{38618EC4-7F80-484F-AFD3-68942AB1779C}.Debug|x86.Build.0 = Debug|Any CPU
		{38618EC4-7F80-484F-AFD3-68942AB1779C}.Release|x86.ActiveCfg = Release|Any CPU
		{38618EC4-7F80-484F-AFD3-68942AB1779C}.Release|x86.Build.0 = Release|Any CPU
		{7EFB302F-ED9B-4A35-A733-0392212BCE56}.Debug|x86.ActiveCfg = Debug|Any CPU
		{7EFB302F-ED9B-4A35-A733-0392212BCE56}.Debug|x86.Build.0 = Debug|Any CPU
		{7EFB302F-ED9B-4A35-A733-0392212BCE56}.Release|x86.ActiveCfg = Release|Any CPU
		{7EFB302F-ED9B-4A35-A733-0392212BCE56}.Release|x86.Build.0 = Release|Any CPU
		{EECBD398-F79D-491E-A5ED-635CC08BFC52}.Debug|x86.ActiveCfg = Debug|Any CPU
		{EECBD398-F79D-491E-A5ED-635CC08BFC52}.Debug|x86.Build.0 = Debug|Any CPU
		{EECBD398-F79D-491E-A5ED-635CC08BFC52}.Release|x86.ActiveCfg = Release|Any CPU
		{EECBD398-F79D-491E-A5ED-635CC08BFC52}.Release|x86.Build.0 = Release|Any CPU
		{391E1B5C-4F23-449F-A690-143B5F5415D2}.Debug|x86.ActiveCfg = Debug|Any CPU
		{391E1B5C-4F23-449F-A690-143B5F5415D2}.Debug|x86.Build.0 = Debug|Any CPU
		{391E1B5C-4F23-449F-A690-143B5F5415D2}.Release|x86.ActiveCfg = Release|Any CPU
		{391E1B5C-4F23-449F-A690-143B5F5415D2}.Release|x86.Build.0 = Release|Any CPU
		{85F7FE6D-63AC-44A1-83D2-CE5204E7535E}.Debug|x86.ActiveCfg = Debug|Any CPU
		{85F7FE6D-63AC-44A1-83D2-CE5204E7535E}.Debug|x86.Build.0 = Debug|Any CPU
		{85F7FE6D-63AC-44A1-83D2-CE5204E7535E}.Release|x86.ActiveCfg = Release|Any CPU
		{85F7FE6D-63AC-44A1-83D2-CE5204E7535E}.Release|x86.Build.0 = Release|Any CPU
		{33BF1B82-6AC2-4330-BE73-52F61A840E4B}.Debug|x86.ActiveCfg = Debug|Any CPU
		{33BF1B82-6AC2-4330-BE73-52F61A840E4B}.Debug|x86.Build.0 = Debug|Any CPU
		{33BF1B82-6AC2-4330-BE73-52F61A840E4B}.Release|x86.ActiveCfg = Release|Any CPU
		{33BF1B82-6AC2-4330-BE73-52F61A840E4B}.Release|x86.Build.0 = Release|Any CPU
	EndGlobalSection
	GlobalSection(SolutionProperties) = preSolution
		HideSolutionNode = FALSE
	EndGlobalSection
	GlobalSection(ExtensibilityGlobals) = postSolution
		SolutionGuid = {7373E3AD-98A0-4DE3-8069-AB92C021C605}
	EndGlobalSection
	GlobalSection(Performance) = preSolution
		HasPerformanceSessions = true
	EndGlobalSection
EndGlobal
